
Microsoft Visual Studio Solution File, Format Version 12.00
# Visual Studio Version 17
VisualStudioVersion = 17.8.34322.80
MinimumVisualStudioVersion = 10.0.40219.1
Project("{FAE04EC0-301F-11D3-BF4B-00C04F79EFBC}") = "ConsignmentShopUi", "ConsignmentShopUi\ConsignmentShopUi.csproj", "{D1324C8E-2DD5-4556-9D2A-A0954E41A6A0}"
EndProject
Global
	GlobalSection(SolutionConfigurationPlatforms) = preSolution
		Debug|Any CPU = Debug|Any CPU
		Release|Any CPU = Release|Any CPU
	EndGlobalSection
	GlobalSection(ProjectConfigurationPlatforms) = postSolution
		{D1324C8E-2DD5-4556-9D2A-A0954E41A6A0}.Debug|Any CPU.ActiveCfg = Debug|Any CPU
		{D1324C8E-2DD5-4556-9D2A-A0954E41A6A0}.Debug|Any CPU.Build.0 = Debug|Any CPU
		{D1324C8E-2DD5-4556-9D2A-A0954E41A6A0}.Release|Any CPU.ActiveCfg = Release|Any CPU
		{D1324C8E-2DD5-4556-9D2A-A0954E41A6A0}.Release|Any CPU.Build.0 = Release|Any CPU
	EndGlobalSection
	GlobalSection(SolutionProperties) = preSolution
		HideSolutionNode = FALSE
	EndGlobalSection
	GlobalSection(ExtensibilityGlobals) = postSolution
		SolutionGuid = {B3CD76C9-4B54-4CF1-8FA2-96C3BCA1E446}
	EndGlobalSection
EndGlobal
